
Microsoft Visual Studio Solution File, Format Version 12.00
# Visual Studio 14
VisualStudioVersion = 14.0.23107.0
MinimumVisualStudioVersion = 10.0.40219.1
Project("{FAE04EC0-301F-11D3-BF4B-00C04F79EFBC}") = "Wiki2Dict.Core", "Wiki2Dict.Core\Wiki2Dict.Core.csproj", "{611A44A3-7F9D-4E92-B0FB-BCA59F5B543D}"
EndProject
Project("{FAE04EC0-301F-11D3-BF4B-00C04F79EFBC}") = "Wiki2Dict", "Wiki2Dict\Wiki2Dict.csproj", "{41714B81-D649-4414-8C77-ABFF76DD911B}"
EndProject
Project("{FAE04EC0-301F-11D3-BF4B-00C04F79EFBC}") = "Wiki2Dict.Wiki", "Wiki2Dict.Wiki\Wiki2Dict.Wiki.csproj", "{103F47DD-812C-4E14-9436-CFA1D4D0073E}"
EndProject
Project("{FAE04EC0-301F-11D3-BF4B-00C04F79EFBC}") = "Wiki2Dict.LinqToWiki", "Wiki2Dict.LinqToWiki\Wiki2Dict.LinqToWiki.csproj", "{8E687D0D-0F09-4F7D-B168-CA6FFCCCF821}"
EndProject
Project("{FAE04EC0-301F-11D3-BF4B-00C04F79EFBC}") = "Wiki2Dict.Kindle", "Wiki2Dict.Kindle\Wiki2Dict.Kindle.csproj", "{9B5540A6-2EF8-45B9-8F47-6BE0FD69DD3A}"
EndProject
Project("{2150E333-8FDC-42A3-9474-1A3956D46DE8}") = "Solution Items", "Solution Items", "{299CD858-06E4-4E58-8D15-FC21197B2F60}"
	ProjectSection(SolutionItems) = preProject
		..\README.md = ..\README.md
		..\ReleaseNotes.md = ..\ReleaseNotes.md
	EndProjectSection
EndProject
Global
	GlobalSection(SolutionConfigurationPlatforms) = preSolution
		Debug|Any CPU = Debug|Any CPU
		Release|Any CPU = Release|Any CPU
	EndGlobalSection
	GlobalSection(ProjectConfigurationPlatforms) = postSolution
		{611A44A3-7F9D-4E92-B0FB-BCA59F5B543D}.Debug|Any CPU.ActiveCfg = Debug|Any CPU
		{611A44A3-7F9D-4E92-B0FB-BCA59F5B543D}.Debug|Any CPU.Build.0 = Debug|Any CPU
		{611A44A3-7F9D-4E92-B0FB-BCA59F5B543D}.Release|Any CPU.ActiveCfg = Release|Any CPU
		{611A44A3-7F9D-4E92-B0FB-BCA59F5B543D}.Release|Any CPU.Build.0 = Release|Any CPU
		{41714B81-D649-4414-8C77-ABFF76DD911B}.Debug|Any CPU.ActiveCfg = Debug|Any CPU
		{41714B81-D649-4414-8C77-ABFF76DD911B}.Debug|Any CPU.Build.0 = Debug|Any CPU
		{41714B81-D649-4414-8C77-ABFF76DD911B}.Release|Any CPU.ActiveCfg = Release|Any CPU
		{41714B81-D649-4414-8C77-ABFF76DD911B}.Release|Any CPU.Build.0 = Release|Any CPU
		{103F47DD-812C-4E14-9436-CFA1D4D0073E}.Debug|Any CPU.ActiveCfg = Debug|Any CPU
		{103F47DD-812C-4E14-9436-CFA1D4D0073E}.Debug|Any CPU.Build.0 = Debug|Any CPU
		{103F47DD-812C-4E14-9436-CFA1D4D0073E}.Release|Any CPU.ActiveCfg = Release|Any CPU
		{103F47DD-812C-4E14-9436-CFA1D4D0073E}.Release|Any CPU.Build.0 = Release|Any CPU
		{8E687D0D-0F09-4F7D-B168-CA6FFCCCF821}.Debug|Any CPU.ActiveCfg = Debug|Any CPU
		{8E687D0D-0F09-4F7D-B168-CA6FFCCCF821}.Debug|Any CPU.Build.0 = Debug|Any CPU
		{8E687D0D-0F09-4F7D-B168-CA6FFCCCF821}.Release|Any CPU.ActiveCfg = Release|Any CPU
		{8E687D0D-0F09-4F7D-B168-CA6FFCCCF821}.Release|Any CPU.Build.0 = Release|Any CPU
		{9B5540A6-2EF8-45B9-8F47-6BE0FD69DD3A}.Debug|Any CPU.ActiveCfg = Debug|Any CPU
		{9B5540A6-2EF8-45B9-8F47-6BE0FD69DD3A}.Debug|Any CPU.Build.0 = Debug|Any CPU
		{9B5540A6-2EF8-45B9-8F47-6BE0FD69DD3A}.Release|Any CPU.ActiveCfg = Release|Any CPU
		{9B5540A6-2EF8-45B9-8F47-6BE0FD69DD3A}.Release|Any CPU.Build.0 = Release|Any CPU
	EndGlobalSection
	GlobalSection(SolutionProperties) = preSolution
		HideSolutionNode = FALSE
	EndGlobalSection
EndGlobal
